# This file is automatically @generated by Cargo.
# It is not intended for manual editing.
version = 3

[[package]]
name = "sd-notify"
version = "0.4.1"
source = "registry+https://github.com/rust-lang/crates.io-index"
checksum = "621e3680f3e07db4c9c2c3fb07c6223ab2fab2e54bd3c04c3ae037990f428c32"

[[package]]
name = "systemd-watchdog-example-rs"
version = "0.1.0"
dependencies = [
 "sd-notify",
]
